PODS:
  - RxCocoa (4.5.0):
    - RxSwift (>= 4.4.2, ~> 4.4)
  - RxLifeCycle (1.0.0):
    - RxCocoa (~> 4.0)
    - RxSwift (~> 4.0)
  - RxSwift (4.5.0)

DEPENDENCIES:
  - RxLifeCycle (from `../../`)

SPEC REPOS:
  trunk:
    - RxCocoa
    - RxSwift

EXTERNAL SOURCES:
  RxLifeCycle:
    :path: "../../"

SPEC CHECKSUMS:
  RxCocoa: cbf70265dc65a981d4ac982e513c10cf23df24a0
  RxLifeCycle: 66e3e45666f92ba9d90b227e9dc56e48bc9a7471
  RxSwift: f172070dfd1a93d70a9ab97a5a01166206e1c575

PODFILE CHECKSUM: 6ac3acffbe37833ea2f746470523b62d05a63cd7

COCOAPODS: 1.10.1
