PODS:
  - RxCocoa (4.0.0):
    - RxSwift (~> 4.0)
  - RxLifeCycle (1.0.0):
    - RxCocoa (~> 4.0)
    - RxSwift (~> 4.0)
  - RxSwift (4.0.0)

DEPENDENCIES:
  - RxLifeCycle (from `../../`)

EXTERNAL SOURCES:
  RxLifeCycle:
    :path: ../../

SPEC CHECKSUMS:
  RxCocoa: d62846ca96495d862fa4c59ea7d87e5031d7340e
  RxLifeCycle: 089646b41a2bdfc4b1a1289834614eeabb8b4eb2
  RxSwift: fd680d75283beb5e2559486f3c0ff852f0d35334

PODFILE CHECKSUM: 6ac3acffbe37833ea2f746470523b62d05a63cd7

COCOAPODS: 1.3.1
